<Solution>
  <Project Path="Bai1/Bai1.csproj" />
  <Project Path="Bai10/Bai10.csproj" Id="296ed3ad-60cf-42a6-997c-cefc28af6313" />
  <Project Path="bai2/bai2.csproj" />
  <Project Path="bai3/bai3.csproj" />
  <Project Path="Bai4/Bai4.csproj" />
  <Project Path="Bai5/Bai5.csproj" />
  <Project Path="Bai6/Bai6.csproj" Id="cbf05936-787e-4d7d-82a5-3db2cad8cc8f" />
  <Project Path="Bai7/Bai7.csproj" Id="7a98659e-8318-443a-bb7d-0600d6be76cd" />
  <Project Path="Bai8/Bai8.csproj" Id="045627de-84ca-4d5d-92b7-9194a877b200" />
  <Project Path="Bai9/Bai9.csproj" Id="bfebc769-1453-4674-aa49-1d8faf308e40" />
  <Project Path="Baimaucua4d/Baimaucua4d.csproj" />
</Solution>
